# THIS IS AN AUTOGENERATED FILE. DO NOT EDIT THIS FILE DIRECTLY.
# yarn lockfile v1


"@types/lodash.groupby@^4.6.4":
  version "4.6.4"
  resolved "https://registry.yarnpkg.com/@types/lodash.groupby/-/lodash.groupby-4.6.4.tgz#4dbb730b0a8ad46915b7406d1e247cfd7a79b288"
  integrity sha512-WvjZ0XtKdNUNGwY0udB3DiP3PC4mW6L3ESkJudA+LsgB2+LCUXUu3Pa+idzenLqBbMOcbBeAWPmEWSvyH0VWjw==
  dependencies:
    "@types/lodash" "*"

"@types/lodash@*":
  version "4.14.119"
  resolved "https://registry.yarnpkg.com/@types/lodash/-/lodash-4.14.119.tgz#be847e5f4bc3e35e46d041c394ead8b603ad8b39"
  integrity sha512-Z3TNyBL8Vd/M9D9Ms2S3LmFq2sSMzahodD6rCS9V2N44HUMINb75jNkSuwAx7eo2ufqTdfOdtGQpNbieUjPQmw==

lodash.groupby@^4.6.0:
  version "4.6.0"
  resolved "https://registry.yarnpkg.com/lodash.groupby/-/lodash.groupby-4.6.0.tgz#0b08a1dcf68397c397855c3239783832df7403d1"
  integrity sha1-Cwih3PaDl8OXhVwyOXg4Mt90A9E=
